
Microsoft Visual Studio Solution File, Format Version 12.00
# Visual Studio Version 17
VisualStudioVersion = 17.0.31903.59
MinimumVisualStudioVersion = 10.0.40219.1
Project("{2150E333-8FDC-42A3-9474-1A3956D46DE8}") = "src", "src", "{B3F173E1-F686-4042-97B2-4ACB7983AFA7}"
EndProject
Project("{FAE04EC0-301F-11D3-BF4B-00C04F79EFBC}") = "Algoritam.Domain", "src\Algoritam.Domain\Algoritam.Domain.csproj", "{A93E34C1-5160-4254-A49C-98FAF3C9429A}"
EndProject
Project("{FAE04EC0-301F-11D3-BF4B-00C04F79EFBC}") = "Algoritam.Application", "src\Algoritam.Application\Algoritam.Application.csproj", "{A3FB8315-CD58-4CDB-B7A3-F5037FD6027E}"
EndProject
Project("{FAE04EC0-301F-11D3-BF4B-00C04F79EFBC}") = "Algoritam.Infrastructure", "src\Algoritam.Infrastructure\Algoritam.Infrastructure.csproj", "{80255451-6A62-4FDA-9F33-218744A77AA1}"
EndProject
Project("{FAE04EC0-301F-11D3-BF4B-00C04F79EFBC}") = "Algoritam.WPF", "src\Algoritam.WPF\Algoritam.WPF.csproj", "{B9BCDD56-470C-4BE6-9584-9D8A93C36091}"
EndProject
Project("{2150E333-8FDC-42A3-9474-1A3956D46DE8}") = "tests", "tests", "{9B558748-C210-43A8-A75E-7068425CC541}"
EndProject
Project("{FAE04EC0-301F-11D3-BF4B-00C04F79EFBC}") = "Algoritam.Domain.Tests", "tests\Algoritam.Domain.Tests\Algoritam.Domain.Tests.csproj", "{D756D3D2-70B5-4634-9BF2-1DDD5E37C1C7}"
EndProject
Project("{FAE04EC0-301F-11D3-BF4B-00C04F79EFBC}") = "Algoritam.Application.Tests", "tests\Algoritam.Application.Tests\Algoritam.Application.Tests.csproj", "{1D26F94B-B4BB-4EA3-AE63-DEE2031EAF13}"
EndProject
Project("{FAE04EC0-301F-11D3-BF4B-00C04F79EFBC}") = "Algoritam.Infrastructure.Tests", "tests\Algoritam.Infrastructure.Tests\Algoritam.Infrastructure.Tests.csproj", "{ED86EFDE-A5F2-439C-B72F-EA43F74AF039}"
EndProject
Project("{2150E333-8FDC-42A3-9474-1A3956D46DE8}") = "tools", "tools", "{69BF8DBC-E678-4C66-B9B7-F487731D36A5}"
EndProject
Project("{FAE04EC0-301F-11D3-BF4B-00C04F79EFBC}") = "DbfMigrator", "tools\DbfMigrator\DbfMigrator.csproj", "{02882C8B-E5EA-43C5-9439-410471BEA029}"
EndProject
Project("{FAE04EC0-301F-11D3-BF4B-00C04F79EFBC}") = "OsnovnaSredstva", "src\OsnovnaSredstva\OsnovnaSredstva.csproj", "{79DFA397-FA03-4541-BDB0-8EDC689E359C}"
EndProject
Project("{FAE04EC0-301F-11D3-BF4B-00C04F79EFBC}") = "Algoritam.Core", "src\Algoritam.Core\Algoritam.Core.csproj", "{2A7180B8-AC40-4BB8-8E31-9ADDD6FEB709}"
EndProject
Project("{FAE04EC0-301F-11D3-BF4B-00C04F79EFBC}") = "GlavnaKnjiga", "src\GlavnaKnjiga\GlavnaKnjiga.csproj", "{80F42D31-BE51-48F8-9E37-8F42B69C4668}"
EndProject
Project("{FAE04EC0-301F-11D3-BF4B-00C04F79EFBC}") = "GlavnaKnjiga.Tests", "tests\GlavnaKnjiga.Tests\GlavnaKnjiga.Tests.csproj", "{459E55B8-D85C-4061-8CDC-DE8195368AF4}"
EndProject
Global
	GlobalSection(SolutionConfigurationPlatforms) = preSolution
		Debug|Any CPU = Debug|Any CPU
		Release|Any CPU = Release|Any CPU
	EndGlobalSection
	GlobalSection(SolutionProperties) = preSolution
		HideSolutionNode = FALSE
	EndGlobalSection
	GlobalSection(ProjectConfigurationPlatforms) = postSolution
		{A93E34C1-5160-4254-A49C-98FAF3C9429A}.Debug|Any CPU.ActiveCfg = Debug|Any CPU
		{A93E34C1-5160-4254-A49C-98FAF3C9429A}.Debug|Any CPU.Build.0 = Debug|Any CPU
		{A93E34C1-5160-4254-A49C-98FAF3C9429A}.Release|Any CPU.ActiveCfg = Release|Any CPU
		{A93E34C1-5160-4254-A49C-98FAF3C9429A}.Release|Any CPU.Build.0 = Release|Any CPU
		{A3FB8315-CD58-4CDB-B7A3-F5037FD6027E}.Debug|Any CPU.ActiveCfg = Debug|Any CPU
		{A3FB8315-CD58-4CDB-B7A3-F5037FD6027E}.Debug|Any CPU.Build.0 = Debug|Any CPU
		{A3FB8315-CD58-4CDB-B7A3-F5037FD6027E}.Release|Any CPU.ActiveCfg = Release|Any CPU
		{A3FB8315-CD58-4CDB-B7A3-F5037FD6027E}.Release|Any CPU.Build.0 = Release|Any CPU
		{80255451-6A62-4FDA-9F33-218744A77AA1}.Debug|Any CPU.ActiveCfg = Debug|Any CPU
		{80255451-6A62-4FDA-9F33-218744A77AA1}.Debug|Any CPU.Build.0 = Debug|Any CPU
		{80255451-6A62-4FDA-9F33-218744A77AA1}.Release|Any CPU.ActiveCfg = Release|Any CPU
		{80255451-6A62-4FDA-9F33-218744A77AA1}.Release|Any CPU.Build.0 = Release|Any CPU
		{B9BCDD56-470C-4BE6-9584-9D8A93C36091}.Debug|Any CPU.ActiveCfg = Debug|Any CPU
		{B9BCDD56-470C-4BE6-9584-9D8A93C36091}.Debug|Any CPU.Build.0 = Debug|Any CPU
		{B9BCDD56-470C-4BE6-9584-9D8A93C36091}.Release|Any CPU.ActiveCfg = Release|Any CPU
		{B9BCDD56-470C-4BE6-9584-9D8A93C36091}.Release|Any CPU.Build.0 = Release|Any CPU
		{D756D3D2-70B5-4634-9BF2-1DDD5E37C1C7}.Debug|Any CPU.ActiveCfg = Debug|Any CPU
		{D756D3D2-70B5-4634-9BF2-1DDD5E37C1C7}.Debug|Any CPU.Build.0 = Debug|Any CPU
		{D756D3D2-70B5-4634-9BF2-1DDD5E37C1C7}.Release|Any CPU.ActiveCfg = Release|Any CPU
		{D756D3D2-70B5-4634-9BF2-1DDD5E37C1C7}.Release|Any CPU.Build.0 = Release|Any CPU
		{1D26F94B-B4BB-4EA3-AE63-DEE2031EAF13}.Debug|Any CPU.ActiveCfg = Debug|Any CPU
		{1D26F94B-B4BB-4EA3-AE63-DEE2031EAF13}.Debug|Any CPU.Build.0 = Debug|Any CPU
		{1D26F94B-B4BB-4EA3-AE63-DEE2031EAF13}.Release|Any CPU.ActiveCfg = Release|Any CPU
		{1D26F94B-B4BB-4EA3-AE63-DEE2031EAF13}.Release|Any CPU.Build.0 = Release|Any CPU
		{ED86EFDE-A5F2-439C-B72F-EA43F74AF039}.Debug|Any CPU.ActiveCfg = Debug|Any CPU
		{ED86EFDE-A5F2-439C-B72F-EA43F74AF039}.Debug|Any CPU.Build.0 = Debug|Any CPU
		{ED86EFDE-A5F2-439C-B72F-EA43F74AF039}.Release|Any CPU.ActiveCfg = Release|Any CPU
		{ED86EFDE-A5F2-439C-B72F-EA43F74AF039}.Release|Any CPU.Build.0 = Release|Any CPU
		{02882C8B-E5EA-43C5-9439-410471BEA029}.Debug|Any CPU.ActiveCfg = Debug|Any CPU
		{02882C8B-E5EA-43C5-9439-410471BEA029}.Debug|Any CPU.Build.0 = Debug|Any CPU
		{02882C8B-E5EA-43C5-9439-410471BEA029}.Release|Any CPU.ActiveCfg = Release|Any CPU
		{02882C8B-E5EA-43C5-9439-410471BEA029}.Release|Any CPU.Build.0 = Release|Any CPU
		{79DFA397-FA03-4541-BDB0-8EDC689E359C}.Debug|Any CPU.ActiveCfg = Debug|Any CPU
		{79DFA397-FA03-4541-BDB0-8EDC689E359C}.Debug|Any CPU.Build.0 = Debug|Any CPU
		{79DFA397-FA03-4541-BDB0-8EDC689E359C}.Release|Any CPU.ActiveCfg = Release|Any CPU
		{79DFA397-FA03-4541-BDB0-8EDC689E359C}.Release|Any CPU.Build.0 = Release|Any CPU
		{2A7180B8-AC40-4BB8-8E31-9ADDD6FEB709}.Debug|Any CPU.ActiveCfg = Debug|Any CPU
		{2A7180B8-AC40-4BB8-8E31-9ADDD6FEB709}.Debug|Any CPU.Build.0 = Debug|Any CPU
		{2A7180B8-AC40-4BB8-8E31-9ADDD6FEB709}.Release|Any CPU.ActiveCfg = Release|Any CPU
		{2A7180B8-AC40-4BB8-8E31-9ADDD6FEB709}.Release|Any CPU.Build.0 = Release|Any CPU
		{80F42D31-BE51-48F8-9E37-8F42B69C4668}.Debug|Any CPU.ActiveCfg = Debug|Any CPU
		{80F42D31-BE51-48F8-9E37-8F42B69C4668}.Debug|Any CPU.Build.0 = Debug|Any CPU
		{80F42D31-BE51-48F8-9E37-8F42B69C4668}.Release|Any CPU.ActiveCfg = Release|Any CPU
		{80F42D31-BE51-48F8-9E37-8F42B69C4668}.Release|Any CPU.Build.0 = Release|Any CPU
		{459E55B8-D85C-4061-8CDC-DE8195368AF4}.Debug|Any CPU.ActiveCfg = Debug|Any CPU
		{459E55B8-D85C-4061-8CDC-DE8195368AF4}.Debug|Any CPU.Build.0 = Debug|Any CPU
		{459E55B8-D85C-4061-8CDC-DE8195368AF4}.Release|Any CPU.ActiveCfg = Release|Any CPU
		{459E55B8-D85C-4061-8CDC-DE8195368AF4}.Release|Any CPU.Build.0 = Release|Any CPU
	EndGlobalSection
	GlobalSection(NestedProjects) = preSolution
		{A93E34C1-5160-4254-A49C-98FAF3C9429A} = {B3F173E1-F686-4042-97B2-4ACB7983AFA7}
		{A3FB8315-CD58-4CDB-B7A3-F5037FD6027E} = {B3F173E1-F686-4042-97B2-4ACB7983AFA7}
		{80255451-6A62-4FDA-9F33-218744A77AA1} = {B3F173E1-F686-4042-97B2-4ACB7983AFA7}
		{B9BCDD56-470C-4BE6-9584-9D8A93C36091} = {B3F173E1-F686-4042-97B2-4ACB7983AFA7}
		{D756D3D2-70B5-4634-9BF2-1DDD5E37C1C7} = {9B558748-C210-43A8-A75E-7068425CC541}
		{1D26F94B-B4BB-4EA3-AE63-DEE2031EAF13} = {9B558748-C210-43A8-A75E-7068425CC541}
		{ED86EFDE-A5F2-439C-B72F-EA43F74AF039} = {9B558748-C210-43A8-A75E-7068425CC541}
		{02882C8B-E5EA-43C5-9439-410471BEA029} = {69BF8DBC-E678-4C66-B9B7-F487731D36A5}
		{79DFA397-FA03-4541-BDB0-8EDC689E359C} = {B3F173E1-F686-4042-97B2-4ACB7983AFA7}
		{2A7180B8-AC40-4BB8-8E31-9ADDD6FEB709} = {B3F173E1-F686-4042-97B2-4ACB7983AFA7}
		{80F42D31-BE51-48F8-9E37-8F42B69C4668} = {B3F173E1-F686-4042-97B2-4ACB7983AFA7}
		{459E55B8-D85C-4061-8CDC-DE8195368AF4} = {9B558748-C210-43A8-A75E-7068425CC541}
	EndGlobalSection
EndGlobal
