Microsoft Visual Studio Solution File, Format Version 12.00
# Visual Studio Version 17
VisualStudioVersion = 17.5.2.0
MinimumVisualStudioVersion = 10.0.40219.1
Project("{FAE04EC0-301F-11D3-BF4B-00C04F79EFBC}") = "Algoritam.WPF", "Algoritam.WPF.csproj", "{BE0DE1B0-9CE4-34F4-FC01-77D422E235A6}"
EndProject
Project("{FAE04EC0-301F-11D3-BF4B-00C04F79EFBC}") = "OsnovnaSredstva", "..\OsnovnaSredstva\OsnovnaSredstva.csproj", "{ECF92648-3565-4293-9BA1-40FC3C109B05}"
EndProject
Global
	GlobalSection(SolutionConfigurationPlatforms) = preSolution
		Debug|Any CPU = Debug|Any CPU
		Release|Any CPU = Release|Any CPU
	EndGlobalSection
	GlobalSection(ProjectConfigurationPlatforms) = postSolution
		{BE0DE1B0-9CE4-34F4-FC01-77D422E235A6}.Debug|Any CPU.ActiveCfg = Debug|Any CPU
		{BE0DE1B0-9CE4-34F4-FC01-77D422E235A6}.Debug|Any CPU.Build.0 = Debug|Any CPU
		{BE0DE1B0-9CE4-34F4-FC01-77D422E235A6}.Release|Any CPU.ActiveCfg = Release|Any CPU
		{BE0DE1B0-9CE4-34F4-FC01-77D422E235A6}.Release|Any CPU.Build.0 = Release|Any CPU
		{ECF92648-3565-4293-9BA1-40FC3C109B05}.Debug|Any CPU.ActiveCfg = Debug|Any CPU
		{ECF92648-3565-4293-9BA1-40FC3C109B05}.Debug|Any CPU.Build.0 = Debug|Any CPU
		{ECF92648-3565-4293-9BA1-40FC3C109B05}.Release|Any CPU.ActiveCfg = Release|Any CPU
		{ECF92648-3565-4293-9BA1-40FC3C109B05}.Release|Any CPU.Build.0 = Release|Any CPU
	EndGlobalSection
	GlobalSection(SolutionProperties) = preSolution
		HideSolutionNode = FALSE
	EndGlobalSection
	GlobalSection(ExtensibilityGlobals) = postSolution
		SolutionGuid = {CEDA6614-D09B-40E1-889F-5611F1BE68B4}
	EndGlobalSection
EndGlobal
